
Microsoft Visual Studio Solution File, Format Version 12.00
# Visual Studio 15
VisualStudioVersion = 15.0.28010.2036
MinimumVisualStudioVersion = 10.0.40219.1
Project("{FAE04EC0-301F-11D3-BF4B-00C04F79EFBC}") = "TypeAnalyser", "TypeAnalyser\TypeAnalyser.csproj", "{DAA74154-3B67-4339-9F17-4095302527C9}"
EndProject
Global
	GlobalSection(SolutionConfigurationPlatforms) = preSolution
		Debug|Any CPU = Debug|Any CPU
		Release|Any CPU = Release|Any CPU
	EndGlobalSection
	GlobalSection(ProjectConfigurationPlatforms) = postSolution
		{DAA74154-3B67-4339-9F17-4095302527C9}.Debug|Any CPU.ActiveCfg = Debug|Any CPU
		{DAA74154-3B67-4339-9F17-4095302527C9}.Debug|Any CPU.Build.0 = Debug|Any CPU
		{DAA74154-3B67-4339-9F17-4095302527C9}.Release|Any CPU.ActiveCfg = Release|Any CPU
		{DAA74154-3B67-4339-9F17-4095302527C9}.Release|Any CPU.Build.0 = Release|Any CPU
	EndGlobalSection
	GlobalSection(SolutionProperties) = preSolution
		HideSolutionNode = FALSE
	EndGlobalSection
	GlobalSection(ExtensibilityGlobals) = postSolution
		SolutionGuid = {B5D03B4A-45D8-440D-981D-8C3A68ABBF65}
	EndGlobalSection
EndGlobal
